// !$*UTF8*$!
{
	archiveVersion = 1;
	classes = {
	};
	objectVersion = 56;
	objects = {

/* Begin PBXBuildFile section */
		455D498A2C50F69E00CC0D4B /* pokeMonHomeScreenViewController.swift in Sources */ = {isa = PBXBuildFile; fileRef = 455D49872C50F69E00CC0D4B /* pokeMonHomeScreenViewController.swift */; };
		455D498B2C50F69E00CC0D4B /* pokeMonHomeScreenViewModel.swift in Sources */ = {isa = PBXBuildFile; fileRef = 455D49882C50F69E00CC0D4B /* pokeMonHomeScreenViewModel.swift */; };
		455D498F2C50F6BE00CC0D4B /* pokeMonHomeScreenTableViewCell.swift in Sources */ = {isa = PBXBuildFile; fileRef = 455D498D2C50F6BE00CC0D4B /* pokeMonHomeScreenTableViewCell.swift */; };
		455D49922C50F6D500CC0D4B /* pokeMonHomeScreenRepository.swift in Sources */ = {isa = PBXBuildFile; fileRef = 455D49902C50F6D500CC0D4B /* pokeMonHomeScreenRepository.swift */; };
		455D49932C50F6D500CC0D4B /* pokeMonHomeScreenModel.swift in Sources */ = {isa = PBXBuildFile; fileRef = 455D49912C50F6D500CC0D4B /* pokeMonHomeScreenModel.swift */; };
		455D499B2C5117A500CC0D4B /* pokeMonHomeScreen.storyboard in Resources */ = {isa = PBXBuildFile; fileRef = 455D49992C5117A500CC0D4B /* pokeMonHomeScreen.storyboard */; };
		455D499D2C5117DF00CC0D4B /* pokeMonHomeScreenTableViewCell.xib in Resources */ = {isa = PBXBuildFile; fileRef = 455D499C2C5117DF00CC0D4B /* pokeMonHomeScreenTableViewCell.xib */; };
		45C541512C4F99CE007E2D9C /* AppDelegate.swift in Sources */ = {isa = PBXBuildFile; fileRef = 45C541502C4F99CE007E2D9C /* AppDelegate.swift */; };
		45C541532C4F99CE007E2D9C /* SceneDelegate.swift in Sources */ = {isa = PBXBuildFile; fileRef = 45C541522C4F99CE007E2D9C /* SceneDelegate.swift */; };
		45C541552C4F99CE007E2D9C /* ViewController.swift in Sources */ = {isa = PBXBuildFile; fileRef = 45C541542C4F99CE007E2D9C /* ViewController.swift */; };
		45C541582C4F99CE007E2D9C /* Main.storyboard in Resources */ = {isa = PBXBuildFile; fileRef = 45C541562C4F99CE007E2D9C /* Main.storyboard */; };
		45C5415B2C4F99CE007E2D9C /* AssesmentPoke.xcdatamodeld in Sources */ = {isa = PBXBuildFile; fileRef = 45C541592C4F99CE007E2D9C /* AssesmentPoke.xcdatamodeld */; };
		45C5415D2C4F99D0007E2D9C /* Assets.xcassets in Resources */ = {isa = PBXBuildFile; fileRef = 45C5415C2C4F99D0007E2D9C /* Assets.xcassets */; };
		45C541602C4F99D0007E2D9C /* LaunchScreen.storyboard in Resources */ = {isa = PBXBuildFile; fileRef = 45C5415E2C4F99D0007E2D9C /* LaunchScreen.storyboard */; };
		45C541712C4F9E7F007E2D9C /* Service Errors.swift in Sources */ = {isa = PBXBuildFile; fileRef = 45C541702C4F9E7F007E2D9C /* Service Errors.swift */; };
		45C541732C4F9E89007E2D9C /* Constants.swift in Sources */ = {isa = PBXBuildFile; fileRef = 45C541722C4F9E89007E2D9C /* Constants.swift */; };
		45C541752C4F9E98007E2D9C /* API Handler.swift in Sources */ = {isa = PBXBuildFile; fileRef = 45C541742C4F9E98007E2D9C /* API Handler.swift */; };
/* End PBXBuildFile section */

/* Begin PBXFileReference section */
		455D49872C50F69E00CC0D4B /* pokeMonHomeScreenViewController.swift */ = {isa = PBXFileReference; fileEncoding = 4; lastKnownFileType = sourcecode.swift; name = pokeMonHomeScreenViewController.swift; path = pokeMonHomeScreen/pokeMonHomeScreenViewController.swift; sourceTree = "<group>"; };
		455D49882C50F69E00CC0D4B /* pokeMonHomeScreenViewModel.swift */ = {isa = PBXFileReference; fileEncoding = 4; lastKnownFileType = sourcecode.swift; name = pokeMonHomeScreenViewModel.swift; path = pokeMonHomeScreen/pokeMonHomeScreenViewModel.swift; sourceTree = "<group>"; };
		455D498D2C50F6BE00CC0D4B /* pokeMonHomeScreenTableViewCell.swift */ = {isa = PBXFileReference; fileEncoding = 4; lastKnownFileType = sourcecode.swift; path = pokeMonHomeScreenTableViewCell.swift; sourceTree = "<group>"; };
		455D49902C50F6D500CC0D4B /* pokeMonHomeScreenRepository.swift */ = {isa = PBXFileReference; fileEncoding = 4; lastKnownFileType = sourcecode.swift; path = pokeMonHomeScreenRepository.swift; sourceTree = "<group>"; };
		455D49912C50F6D500CC0D4B /* pokeMonHomeScreenModel.swift */ = {isa = PBXFileReference; fileEncoding = 4; lastKnownFileType = sourcecode.swift; path = pokeMonHomeScreenModel.swift; sourceTree = "<group>"; };
		455D49992C5117A500CC0D4B /* pokeMonHomeScreen.storyboard */ = {isa = PBXFileReference; fileEncoding = 4; lastKnownFileType = file.storyboard; name = pokeMonHomeScreen.storyboard; path = "../../../../../../../Downloads/pokeMon-feature-pokeMonHomeScreen/AssesmentPoke/AssesmentPoke/pokeMonHomeScreen/pokeMonHomeScreen.storyboard"; sourceTree = "<group>"; };
		455D499C2C5117DF00CC0D4B /* pokeMonHomeScreenTableViewCell.xib */ = {isa = PBXFileReference; fileEncoding = 4; lastKnownFileType = file.xib; path = pokeMonHomeScreenTableViewCell.xib; sourceTree = "<group>"; };
		45C5414D2C4F99CE007E2D9C /* AssesmentPoke.app */ = {isa = PBXFileReference; explicitFileType = wrapper.application; includeInIndex = 0; path = AssesmentPoke.app; sourceTree = BUILT_PRODUCTS_DIR; };
		45C541502C4F99CE007E2D9C /* AppDelegate.swift */ = {isa = PBXFileReference; lastKnownFileType = sourcecode.swift; path = AppDelegate.swift; sourceTree = "<group>"; };
		45C541522C4F99CE007E2D9C /* SceneDelegate.swift */ = {isa = PBXFileReference; lastKnownFileType = sourcecode.swift; path = SceneDelegate.swift; sourceTree = "<group>"; };
		45C541542C4F99CE007E2D9C /* ViewController.swift */ = {isa = PBXFileReference; lastKnownFileType = sourcecode.swift; path = ViewController.swift; sourceTree = "<group>"; };
		45C541572C4F99CE007E2D9C /* Base */ = {isa = PBXFileReference; lastKnownFileType = file.storyboard; name = Base; path = Base.lproj/Main.storyboard; sourceTree = "<group>"; };
		45C5415A2C4F99CE007E2D9C /* AssesmentPoke.xcdatamodel */ = {isa = PBXFileReference; lastKnownFileType = wrapper.xcdatamodel; path = AssesmentPoke.xcdatamodel; sourceTree = "<group>"; };
		45C5415C2C4F99D0007E2D9C /* Assets.xcassets */ = {isa = PBXFileReference; lastKnownFileType = folder.assetcatalog; path = Assets.xcassets; sourceTree = "<group>"; };
		45C5415F2C4F99D0007E2D9C /* Base */ = {isa = PBXFileReference; lastKnownFileType = file.storyboard; name = Base; path = Base.lproj/LaunchScreen.storyboard; sourceTree = "<group>"; };
		45C541612C4F99D0007E2D9C /* Info.plist */ = {isa = PBXFileReference; lastKnownFileType = text.plist.xml; path = Info.plist; sourceTree = "<group>"; };
		45C541702C4F9E7F007E2D9C /* Service Errors.swift */ = {isa = PBXFileReference; lastKnownFileType = sourcecode.swift; path = "Service Errors.swift"; sourceTree = "<group>"; };
		45C541722C4F9E89007E2D9C /* Constants.swift */ = {isa = PBXFileReference; lastKnownFileType = sourcecode.swift; path = Constants.swift; sourceTree = "<group>"; };
		45C541742C4F9E98007E2D9C /* API Handler.swift */ = {isa = PBXFileReference; lastKnownFileType = sourcecode.swift; path = "API Handler.swift"; sourceTree = "<group>"; };
/* End PBXFileReference section */

/* Begin PBXFrameworksBuildPhase section */
		45C5414A2C4F99CE007E2D9C /* Frameworks */ = {
			isa = PBXFrameworksBuildPhase;
			buildActionMask = 2147483647;
			files = (
			);
			runOnlyForDeploymentPostprocessing = 0;
		};
/* End PBXFrameworksBuildPhase section */

/* Begin PBXGroup section */
		455D497B2C50DF5C00CC0D4B /* pokeMonHome */ = {
			isa = PBXGroup;
			children = (
				455D49882C50F69E00CC0D4B /* pokeMonHomeScreenViewModel.swift */,
				455D49872C50F69E00CC0D4B /* pokeMonHomeScreenViewController.swift */,
				455D49992C5117A500CC0D4B /* pokeMonHomeScreen.storyboard */,
				455D49952C50F70E00CC0D4B /* pokeMonHomeScreenRepository */,
				455D49942C50F6E200CC0D4B /* pokeMonHomeScreenTableViewCell */,
			);
			path = pokeMonHome;
			sourceTree = "<group>";
		};
		455D49942C50F6E200CC0D4B /* pokeMonHomeScreenTableViewCell */ = {
			isa = PBXGroup;
			children = (
				455D499C2C5117DF00CC0D4B /* pokeMonHomeScreenTableViewCell.xib */,
				455D498D2C50F6BE00CC0D4B /* pokeMonHomeScreenTableViewCell.swift */,
			);
			name = pokeMonHomeScreenTableViewCell;
			sourceTree = "<group>";
		};
		455D49952C50F70E00CC0D4B /* pokeMonHomeScreenRepository */ = {
			isa = PBXGroup;
			children = (
				455D49912C50F6D500CC0D4B /* pokeMonHomeScreenModel.swift */,
				455D49902C50F6D500CC0D4B /* pokeMonHomeScreenRepository.swift */,
			);
			name = pokeMonHomeScreenRepository;
			sourceTree = "<group>";
		};
		45C541442C4F99CE007E2D9C = {
			isa = PBXGroup;
			children = (
				45C5414F2C4F99CE007E2D9C /* AssesmentPoke */,
				45C5414E2C4F99CE007E2D9C /* Products */,
			);
			sourceTree = "<group>";
		};
		45C5414E2C4F99CE007E2D9C /* Products */ = {
			isa = PBXGroup;
			children = (
				45C5414D2C4F99CE007E2D9C /* AssesmentPoke.app */,
			);
			name = Products;
			sourceTree = "<group>";
		};
		45C5414F2C4F99CE007E2D9C /* AssesmentPoke */ = {
			isa = PBXGroup;
			children = (
				455D497B2C50DF5C00CC0D4B /* pokeMonHome */,
				45C5416F2C4F9E60007E2D9C /* ServiceLayer */,
				45C541502C4F99CE007E2D9C /* AppDelegate.swift */,
				45C541522C4F99CE007E2D9C /* SceneDelegate.swift */,
				45C541542C4F99CE007E2D9C /* ViewController.swift */,
				45C541562C4F99CE007E2D9C /* Main.storyboard */,
				45C5415C2C4F99D0007E2D9C /* Assets.xcassets */,
				45C5415E2C4F99D0007E2D9C /* LaunchScreen.storyboard */,
				45C541612C4F99D0007E2D9C /* Info.plist */,
				45C541592C4F99CE007E2D9C /* AssesmentPoke.xcdatamodeld */,
			);
			path = AssesmentPoke;
			sourceTree = "<group>";
		};
		45C5416F2C4F9E60007E2D9C /* ServiceLayer */ = {
			isa = PBXGroup;
			children = (
				45C541702C4F9E7F007E2D9C /* Service Errors.swift */,
				45C541722C4F9E89007E2D9C /* Constants.swift */,
				45C541742C4F9E98007E2D9C /* API Handler.swift */,
			);
			path = ServiceLayer;
			sourceTree = "<group>";
		};
/* End PBXGroup section */

/* Begin PBXNativeTarget section */
		45C5414C2C4F99CE007E2D9C /* AssesmentPoke */ = {
			isa = PBXNativeTarget;
			buildConfigurationList = 45C541642C4F99D0007E2D9C /* Build configuration list for PBXNativeTarget "AssesmentPoke" */;
			buildPhases = (
				45C541492C4F99CE007E2D9C /* Sources */,
				45C5414A2C4F99CE007E2D9C /* Frameworks */,
				45C5414B2C4F99CE007E2D9C /* Resources */,
			);
			buildRules = (
			);
			dependencies = (
			);
			name = AssesmentPoke;
			productName = AssesmentPoke;
			productReference = 45C5414D2C4F99CE007E2D9C /* AssesmentPoke.app */;
			productType = "com.apple.product-type.application";
		};
/* End PBXNativeTarget section */

/* Begin PBXProject section */
		45C541452C4F99CE007E2D9C /* Project object */ = {
			isa = PBXProject;
			attributes = {
				BuildIndependentTargetsInParallel = 1;
				LastSwiftUpdateCheck = 1520;
				LastUpgradeCheck = 1520;
				TargetAttributes = {
					45C5414C2C4F99CE007E2D9C = {
						CreatedOnToolsVersion = 15.2;
					};
				};
			};
			buildConfigurationList = 45C541482C4F99CE007E2D9C /* Build configuration list for PBXProject "AssesmentPoke" */;
			compatibilityVersion = "Xcode 14.0";
			developmentRegion = en;
			hasScannedForEncodings = 0;
			knownRegions = (
				en,
				Base,
			);
			mainGroup = 45C541442C4F99CE007E2D9C;
			productRefGroup = 45C5414E2C4F99CE007E2D9C /* Products */;
			projectDirPath = "";
			projectRoot = "";
			targets = (
				45C5414C2C4F99CE007E2D9C /* AssesmentPoke */,
			);
		};
/* End PBXProject section */

/* Begin PBXResourcesBuildPhase section */
		45C5414B2C4F99CE007E2D9C /* Resources */ = {
			isa = PBXResourcesBuildPhase;
			buildActionMask = 2147483647;
			files = (
				45C541602C4F99D0007E2D9C /* LaunchScreen.storyboard in Resources */,
				45C5415D2C4F99D0007E2D9C /* Assets.xcassets in Resources */,
				455D499B2C5117A500CC0D4B /* pokeMonHomeScreen.storyboard in Resources */,
				455D499D2C5117DF00CC0D4B /* pokeMonHomeScreenTableViewCell.xib in Resources */,
				45C541582C4F99CE007E2D9C /* Main.storyboard in Resources */,
			);
			runOnlyForDeploymentPostprocessing = 0;
		};
/* End PBXResourcesBuildPhase section */

/* Begin PBXSourcesBuildPhase section */
		45C541492C4F99CE007E2D9C /* Sources */ = {
			isa = PBXSourcesBuildPhase;
			buildActionMask = 2147483647;
			files = (
				455D49932C50F6D500CC0D4B /* pokeMonHomeScreenModel.swift in Sources */,
				45C5415B2C4F99CE007E2D9C /* AssesmentPoke.xcdatamodeld in Sources */,
				455D498A2C50F69E00CC0D4B /* pokeMonHomeScreenViewController.swift in Sources */,
				455D498B2C50F69E00CC0D4B /* pokeMonHomeScreenViewModel.swift in Sources */,
				455D49922C50F6D500CC0D4B /* pokeMonHomeScreenRepository.swift in Sources */,
				455D498F2C50F6BE00CC0D4B /* pokeMonHomeScreenTableViewCell.swift in Sources */,
				45C541552C4F99CE007E2D9C /* ViewController.swift in Sources */,
				45C541512C4F99CE007E2D9C /* AppDelegate.swift in Sources */,
				45C541712C4F9E7F007E2D9C /* Service Errors.swift in Sources */,
				45C541532C4F99CE007E2D9C /* SceneDelegate.swift in Sources */,
				45C541732C4F9E89007E2D9C /* Constants.swift in Sources */,
				45C541752C4F9E98007E2D9C /* API Handler.swift in Sources */,
			);
			runOnlyForDeploymentPostprocessing = 0;
		};
/* End PBXSourcesBuildPhase section */

/* Begin PBXVariantGroup section */
		45C541562C4F99CE007E2D9C /* Main.storyboard */ = {
			isa = PBXVariantGroup;
			children = (
				45C541572C4F99CE007E2D9C /* Base */,
			);
			name = Main.storyboard;
			sourceTree = "<group>";
		};
		45C5415E2C4F99D0007E2D9C /* LaunchScreen.storyboard */ = {
			isa = PBXVariantGroup;
			children = (
				45C5415F2C4F99D0007E2D9C /* Base */,
			);
			name = LaunchScreen.storyboard;
			sourceTree = "<group>";
		};
/* End PBXVariantGroup section */

/* Begin XCBuildConfiguration section */
		45C541622C4F99D0007E2D9C /* Debug */ = {
			isa = XCBuildConfiguration;
			buildSettings = {
				ALWAYS_SEARCH_USER_PATHS = NO;
				ASSETCATALOG_COMPILER_GENERATE_SWIFT_ASSET_SYMBOL_EXTENSIONS = YES;
				CLANG_ANALYZER_NONNULL = YES;
				CLANG_ANALYZER_NUMBER_OBJECT_CONVERSION = YES_AGGRESSIVE;
				CLANG_CXX_LANGUAGE_STANDARD = "gnu++20";
				CLANG_ENABLE_MODULES = YES;
				CLANG_ENABLE_OBJC_ARC = YES;
				CLANG_ENABLE_OBJC_WEAK = YES;
				CLANG_WARN_BLOCK_CAPTURE_AUTORELEASING = YES;
				CLANG_WARN_BOOL_CONVERSION = YES;
				CLANG_WARN_COMMA = YES;
				CLANG_WARN_CONSTANT_CONVERSION = YES;
				CLANG_WARN_DEPRECATED_OBJC_IMPLEMENTATIONS = YES;
				CLANG_WARN_DIRECT_OBJC_ISA_USAGE = YES_ERROR;
				CLANG_WARN_DOCUMENTATION_COMMENTS = YES;
				CLANG_WARN_EMPTY_BODY = YES;
				CLANG_WARN_ENUM_CONVERSION = YES;
				CLANG_WARN_INFINITE_RECURSION = YES;
				CLANG_WARN_INT_CONVERSION = YES;
				CLANG_WARN_NON_LITERAL_NULL_CONVERSION = YES;
				CLANG_WARN_OBJC_IMPLICIT_RETAIN_SELF = YES;
				CLANG_WARN_OBJC_LITERAL_CONVERSION = YES;
				CLANG_WARN_OBJC_ROOT_CLASS = YES_ERROR;
				CLANG_WARN_QUOTED_INCLUDE_IN_FRAMEWORK_HEADER = YES;
				CLANG_WARN_RANGE_LOOP_ANALYSIS = YES;
				CLANG_WARN_STRICT_PROTOTYPES = YES;
				CLANG_WARN_SUSPICIOUS_MOVE = YES;
				CLANG_WARN_UNGUARDED_AVAILABILITY = YES_AGGRESSIVE;
				CLANG_WARN_UNREACHABLE_CODE = YES;
				CLANG_WARN__DUPLICATE_METHOD_MATCH = YES;
				COPY_PHASE_STRIP = NO;
				DEBUG_INFORMATION_FORMAT = dwarf;
				ENABLE_STRICT_OBJC_MSGSEND = YES;
				ENABLE_TESTABILITY = YES;
				ENABLE_USER_SCRIPT_SANDBOXING = YES;
				GCC_C_LANGUAGE_STANDARD = gnu17;
				GCC_DYNAMIC_NO_PIC = NO;
				GCC_NO_COMMON_BLOCKS = YES;
				GCC_OPTIMIZATION_LEVEL = 0;
				GCC_PREPROCESSOR_DEFINITIONS = (
					"DEBUG=1",
					"$(inherited)",
				);
				GCC_WARN_64_TO_32_BIT_CONVERSION = YES;
				GCC_WARN_ABOUT_RETURN_TYPE = YES_ERROR;
				GCC_WARN_UNDECLARED_SELECTOR = YES;
				GCC_WARN_UNINITIALIZED_AUTOS = YES_AGGRESSIVE;
				GCC_WARN_UNUSED_FUNCTION = YES;
				GCC_WARN_UNUSED_VARIABLE = YES;
				IPHONEOS_DEPLOYMENT_TARGET = 17.2;
				LOCALIZATION_PREFERS_STRING_CATALOGS = YES;
				MTL_ENABLE_DEBUG_INFO = INCLUDE_SOURCE;
				MTL_FAST_MATH = YES;
				ONLY_ACTIVE_ARCH = YES;
				SDKROOT = iphoneos;
				SWIFT_ACTIVE_COMPILATION_CONDITIONS = "DEBUG $(inherited)";
				SWIFT_OPTIMIZATION_LEVEL = "-Onone";
			};
			name = Debug;
		};
		45C541632C4F99D0007E2D9C /* Release */ = {
			isa = XCBuildConfiguration;
			buildSettings = {
				ALWAYS_SEARCH_USER_PATHS = NO;
				ASSETCATALOG_COMPILER_GENERATE_SWIFT_ASSET_SYMBOL_EXTENSIONS = YES;
				CLANG_ANALYZER_NONNULL = YES;
				CLANG_ANALYZER_NUMBER_OBJECT_CONVERSION = YES_AGGRESSIVE;
				CLANG_CXX_LANGUAGE_STANDARD = "gnu++20";
				CLANG_ENABLE_MODULES = YES;
				CLANG_ENABLE_OBJC_ARC = YES;
				CLANG_ENABLE_OBJC_WEAK = YES;
				CLANG_WARN_BLOCK_CAPTURE_AUTORELEASING = YES;
				CLANG_WARN_BOOL_CONVERSION = YES;
				CLANG_WARN_COMMA = YES;
				CLANG_WARN_CONSTANT_CONVERSION = YES;
				CLANG_WARN_DEPRECATED_OBJC_IMPLEMENTATIONS = YES;
				CLANG_WARN_DIRECT_OBJC_ISA_USAGE = YES_ERROR;
				CLANG_WARN_DOCUMENTATION_COMMENTS = YES;
				CLANG_WARN_EMPTY_BODY = YES;
				CLANG_WARN_ENUM_CONVERSION = YES;
				CLANG_WARN_INFINITE_RECURSION = YES;
				CLANG_WARN_INT_CONVERSION = YES;
				CLANG_WARN_NON_LITERAL_NULL_CONVERSION = YES;
				CLANG_WARN_OBJC_IMPLICIT_RETAIN_SELF = YES;
				CLANG_WARN_OBJC_LITERAL_CONVERSION = YES;
				CLANG_WARN_OBJC_ROOT_CLASS = YES_ERROR;
				CLANG_WARN_QUOTED_INCLUDE_IN_FRAMEWORK_HEADER = YES;
				CLANG_WARN_RANGE_LOOP_ANALYSIS = YES;
				CLANG_WARN_STRICT_PROTOTYPES = YES;
				CLANG_WARN_SUSPICIOUS_MOVE = YES;
				CLANG_WARN_UNGUARDED_AVAILABILITY = YES_AGGRESSIVE;
				CLANG_WARN_UNREACHABLE_CODE = YES;
				CLANG_WARN__DUPLICATE_METHOD_MATCH = YES;
				COPY_PHASE_STRIP = NO;
				DEBUG_INFORMATION_FORMAT = "dwarf-with-dsym";
				ENABLE_NS_ASSERTIONS = NO;
				ENABLE_STRICT_OBJC_MSGSEND = YES;
				ENABLE_USER_SCRIPT_SANDBOXING = YES;
				GCC_C_LANGUAGE_STANDARD = gnu17;
				GCC_NO_COMMON_BLOCKS = YES;
				GCC_WARN_64_TO_32_BIT_CONVERSION = YES;
				GCC_WARN_ABOUT_RETURN_TYPE = YES_ERROR;
				GCC_WARN_UNDECLARED_SELECTOR = YES;
				GCC_WARN_UNINITIALIZED_AUTOS = YES_AGGRESSIVE;
				GCC_WARN_UNUSED_FUNCTION = YES;
				GCC_WARN_UNUSED_VARIABLE = YES;
				IPHONEOS_DEPLOYMENT_TARGET = 17.2;
				LOCALIZATION_PREFERS_STRING_CATALOGS = YES;
				MTL_ENABLE_DEBUG_INFO = NO;
				MTL_FAST_MATH = YES;
				SDKROOT = iphoneos;
				SWIFT_COMPILATION_MODE = wholemodule;
				VALIDATE_PRODUCT = YES;
			};
			name = Release;
		};
		45C541652C4F99D0007E2D9C /* Debug */ = {
			isa = XCBuildConfiguration;
			buildSettings = {
				ASSETCATALOG_COMPILER_APPICON_NAME = AppIcon;
				ASSETCATALOG_COMPILER_GLOBAL_ACCENT_COLOR_NAME = AccentColor;
				CODE_SIGN_STYLE = Automatic;
				CURRENT_PROJECT_VERSION = 1;
				DEVELOPMENT_TEAM = K59C97HYKW;
				GENERATE_INFOPLIST_FILE = YES;
				INFOPLIST_FILE = AssesmentPoke/Info.plist;
				INFOPLIST_KEY_UIApplicationSupportsIndirectInputEvents = YES;
				INFOPLIST_KEY_UILaunchStoryboardName = LaunchScreen;
				INFOPLIST_KEY_UIMainStoryboardFile = Main;
				INFOPLIST_KEY_UISupportedInterfaceOrientations_iPad = "UIInterfaceOrientationPortrait UIInterfaceOrientationPortraitUpsideDown UIInterfaceOrientationLandscapeLeft UIInterfaceOrientationLandscapeRight";
				INFOPLIST_KEY_UISupportedInterfaceOrientations_iPhone = "UIInterfaceOrientationPortrait UIInterfaceOrientationLandscapeLeft UIInterfaceOrientationLandscapeRight";
				LD_RUNPATH_SEARCH_PATHS = (
					"$(inherited)",
					"@executable_path/Frameworks",
				);
				MARKETING_VERSION = 1.0;
				PRODUCT_BUNDLE_IDENTIFIER = com.dvt.kiasharangasamy.AssesmentPoke;
				PRODUCT_NAME = "$(TARGET_NAME)";
				SWIFT_EMIT_LOC_STRINGS = YES;
				SWIFT_VERSION = 5.0;
				TARGETED_DEVICE_FAMILY = "1,2";
			};
			name = Debug;
		};
		45C541662C4F99D0007E2D9C /* Release */ = {
			isa = XCBuildConfiguration;
			buildSettings = {
				ASSETCATALOG_COMPILER_APPICON_NAME = AppIcon;
				ASSETCATALOG_COMPILER_GLOBAL_ACCENT_COLOR_NAME = AccentColor;
				CODE_SIGN_STYLE = Automatic;
				CURRENT_PROJECT_VERSION = 1;
				DEVELOPMENT_TEAM = K59C97HYKW;
				GENERATE_INFOPLIST_FILE = YES;
				INFOPLIST_FILE = AssesmentPoke/Info.plist;
				INFOPLIST_KEY_UIApplicationSupportsIndirectInputEvents = YES;
				INFOPLIST_KEY_UILaunchStoryboardName = LaunchScreen;
				INFOPLIST_KEY_UIMainStoryboardFile = Main;
				INFOPLIST_KEY_UISupportedInterfaceOrientations_iPad = "UIInterfaceOrientationPortrait UIInterfaceOrientationPortraitUpsideDown UIInterfaceOrientationLandscapeLeft UIInterfaceOrientationLandscapeRight";
				INFOPLIST_KEY_UISupportedInterfaceOrientations_iPhone = "UIInterfaceOrientationPortrait UIInterfaceOrientationLandscapeLeft UIInterfaceOrientationLandscapeRight";
				LD_RUNPATH_SEARCH_PATHS = (
					"$(inherited)",
					"@executable_path/Frameworks",
				);
				MARKETING_VERSION = 1.0;
				PRODUCT_BUNDLE_IDENTIFIER = com.dvt.kiasharangasamy.AssesmentPoke;
				PRODUCT_NAME = "$(TARGET_NAME)";
				SWIFT_EMIT_LOC_STRINGS = YES;
				SWIFT_VERSION = 5.0;
				TARGETED_DEVICE_FAMILY = "1,2";
			};
			name = Release;
		};
/* End XCBuildConfiguration section */

/* Begin XCConfigurationList section */
		45C541482C4F99CE007E2D9C /* Build configuration list for PBXProject "AssesmentPoke" */ = {
			isa = XCConfigurationList;
			buildConfigurations = (
				45C541622C4F99D0007E2D9C /* Debug */,
				45C541632C4F99D0007E2D9C /* Release */,
			);
			defaultConfigurationIsVisible = 0;
			defaultConfigurationName = Release;
		};
		45C541642C4F99D0007E2D9C /* Build configuration list for PBXNativeTarget "AssesmentPoke" */ = {
			isa = XCConfigurationList;
			buildConfigurations = (
				45C541652C4F99D0007E2D9C /* Debug */,
				45C541662C4F99D0007E2D9C /* Release */,
			);
			defaultConfigurationIsVisible = 0;
			defaultConfigurationName = Release;
		};
/* End XCConfigurationList section */

/* Begin XCVersionGroup section */
		45C541592C4F99CE007E2D9C /* AssesmentPoke.xcdatamodeld */ = {
			isa = XCVersionGroup;
			children = (
				45C5415A2C4F99CE007E2D9C /* AssesmentPoke.xcdatamodel */,
			);
			currentVersion = 45C5415A2C4F99CE007E2D9C /* AssesmentPoke.xcdatamodel */;
			path = AssesmentPoke.xcdatamodeld;
			sourceTree = "<group>";
			versionGroupType = wrapper.xcdatamodel;
		};
/* End XCVersionGroup section */
	};
	rootObject = 45C541452C4F99CE007E2D9C /* Project object */;
}
